
Microsoft Visual Studio Solution File, Format Version 12.00
# Visual Studio Version 17
VisualStudioVersion = 17.4.33205.214
MinimumVisualStudioVersion = 10.0.40219.1
Project("{FAE04EC0-301F-11D3-BF4B-00C04F79EFBC}") = "Password Gen", "Password Gen\Password Gen.csproj", "{772344AA-B14A-49FD-9A0A-925051619824}"
EndProject
Global
	GlobalSection(SolutionConfigurationPlatforms) = preSolution
		Debug|Any CPU = Debug|Any CPU
		Release|Any CPU = Release|Any CPU
	EndGlobalSection
	GlobalSection(ProjectConfigurationPlatforms) = postSolution
		{772344AA-B14A-49FD-9A0A-925051619824}.Debug|Any CPU.ActiveCfg = Debug|Any CPU
		{772344AA-B14A-49FD-9A0A-925051619824}.Debug|Any CPU.Build.0 = Debug|Any CPU
		{772344AA-B14A-49FD-9A0A-925051619824}.Release|Any CPU.ActiveCfg = Release|Any CPU
		{772344AA-B14A-49FD-9A0A-925051619824}.Release|Any CPU.Build.0 = Release|Any CPU
	EndGlobalSection
	GlobalSection(SolutionProperties) = preSolution
		HideSolutionNode = FALSE
	EndGlobalSection
	GlobalSection(ExtensibilityGlobals) = postSolution
		SolutionGuid = {843AB906-3756-4BD2-A27F-90F8039480D7}
	EndGlobalSection
EndGlobal
